
Microsoft Visual Studio Solution File, Format Version 12.00
# Visual Studio Version 17
VisualStudioVersion = 17.6.33723.286
MinimumVisualStudioVersion = 10.0.40219.1
Project("{9A19103F-16F7-4668-BE54-9A1E7A4F7556}") = "Lab06_Zoo", "Lab06_Zoo\Lab06_Zoo.csproj", "{B878592C-B503-4690-9A68-AF186A83588E}"
EndProject
Project("{FAE04EC0-301F-11D3-BF4B-00C04F79EFBC}") = "ZooTest", "ZooTest\ZooTest.csproj", "{5D4ECE17-2CED-4F5C-935A-23BF29A52EE9}"
EndProject
Global
	GlobalSection(SolutionConfigurationPlatforms) = preSolution
		Debug|Any CPU = Debug|Any CPU
		Release|Any CPU = Release|Any CPU
	EndGlobalSection
	GlobalSection(ProjectConfigurationPlatforms) = postSolution
		{B878592C-B503-4690-9A68-AF186A83588E}.Debug|Any CPU.ActiveCfg = Debug|Any CPU
		{B878592C-B503-4690-9A68-AF186A83588E}.Debug|Any CPU.Build.0 = Debug|Any CPU
		{B878592C-B503-4690-9A68-AF186A83588E}.Release|Any CPU.ActiveCfg = Release|Any CPU
		{B878592C-B503-4690-9A68-AF186A83588E}.Release|Any CPU.Build.0 = Release|Any CPU
		{5D4ECE17-2CED-4F5C-935A-23BF29A52EE9}.Debug|Any CPU.ActiveCfg = Debug|Any CPU
		{5D4ECE17-2CED-4F5C-935A-23BF29A52EE9}.Debug|Any CPU.Build.0 = Debug|Any CPU
		{5D4ECE17-2CED-4F5C-935A-23BF29A52EE9}.Release|Any CPU.ActiveCfg = Release|Any CPU
		{5D4ECE17-2CED-4F5C-935A-23BF29A52EE9}.Release|Any CPU.Build.0 = Release|Any CPU
	EndGlobalSection
	GlobalSection(SolutionProperties) = preSolution
		HideSolutionNode = FALSE
	EndGlobalSection
	GlobalSection(ExtensibilityGlobals) = postSolution
		SolutionGuid = {C4CE756F-8FAF-45BD-AB65-0658E454F116}
	EndGlobalSection
EndGlobal
